{
  "name": "nodejs",
  "version": "1.0.0",
  "lockfileVersion": 2,
  "requires": true,
  "packages": {
    "": {
      "version": "1.0.0",
      "license": "ISC",
      "dependencies": {
        "@middy/core": "^2.5.1",
        "@middy/http-json-body-parser": "^2.5.1"
      },
      "devDependencies": {}
    },
    "node_modules/@middy/core": {
      "version": "2.5.1",
      "resolved": "https://registry.npmjs.org/@middy/core/-/core-2.5.1.tgz",
      "integrity": "sha512-kAZMhjcZRv2eqBd6uFBeaCuaSvhV0gb8XNl8kw/SiqbRptVh5FOb425gK3AtJda4VZPsQb4HeVN3G4Wzdb9o3g==",
      "engines": {
        "node": ">=12"
      }
    },
    "node_modules/@middy/http-json-body-parser": {
      "version": "2.5.1",
      "resolved": "https://registry.npmjs.org/@middy/http-json-body-parser/-/http-json-body-parser-2.5.1.tgz",
      "integrity": "sha512-KPMtWS9wiD2kZu5fQBVRh0DBp2/lHttZBAKeE3sYZMm29MWcUuX6QibotXkwI2f20Rs5JigvzqY6CCMAEDHUPQ==",
      "dependencies": {
        "@middy/util": "^2.5.1"
      },
      "engines": {
        "node": ">=12"
      }
    },
    "node_modules/@middy/util": {
      "version": "2.5.1",
      "resolved": "https://registry.npmjs.org/@middy/util/-/util-2.5.1.tgz",
      "integrity": "sha512-Tpx97CpE2GlgDdaCav+IZzEV2dSmb4hJj57r1xIOiRctYyYYhS6o4jOjfLBWAcDxbWs0WZb/kvv58p0O+1hRqw==",
      "engines": {
        "node": ">=12"
      }
    }
  },
  "dependencies": {
    "@middy/core": {
      "version": "2.5.1",
      "resolved": "https://registry.npmjs.org/@middy/core/-/core-2.5.1.tgz",
      "integrity": "sha512-kAZMhjcZRv2eqBd6uFBeaCuaSvhV0gb8XNl8kw/SiqbRptVh5FOb425gK3AtJda4VZPsQb4HeVN3G4Wzdb9o3g=="
    },
    "@middy/http-json-body-parser": {
      "version": "2.5.1",
      "resolved": "https://registry.npmjs.org/@middy/http-json-body-parser/-/http-json-body-parser-2.5.1.tgz",
      "integrity": "sha512-KPMtWS9wiD2kZu5fQBVRh0DBp2/lHttZBAKeE3sYZMm29MWcUuX6QibotXkwI2f20Rs5JigvzqY6CCMAEDHUPQ==",
      "requires": {
        "@middy/util": "^2.5.1"
      }
    },
    "@middy/util": {
      "version": "2.5.1",
      "resolved": "https://registry.npmjs.org/@middy/util/-/util-2.5.1.tgz",
      "integrity": "sha512-Tpx97CpE2GlgDdaCav+IZzEV2dSmb4hJj57r1xIOiRctYyYYhS6o4jOjfLBWAcDxbWs0WZb/kvv58p0O+1hRqw=="
    }
  }
}
